
Microsoft Visual Studio Solution File, Format Version 12.00
# Visual Studio 15
VisualStudioVersion = 15.0.28010.2026
MinimumVisualStudioVersion = 10.0.40219.1
Project("{8BC9CEB8-8B4A-11D0-8D11-00A0C91BC942}") = "NewOOPProject", "NewOOPProject\NewOOPProject.vcxproj", "{AE165FBE-46D9-49E8-B776-DC72441C76BE}"
EndProject
Global
	GlobalSection(SolutionConfigurationPlatforms) = preSolution
		Debug|x64 = Debug|x64
		Debug|x86 = Debug|x86
		Release|x64 = Release|x64
		Release|x86 = Release|x86
	EndGlobalSection
	GlobalSection(ProjectConfigurationPlatforms) = postSolution
		{AE165FBE-46D9-49E8-B776-DC72441C76BE}.Debug|x64.ActiveCfg = Debug|x64
		{AE165FBE-46D9-49E8-B776-DC72441C76BE}.Debug|x64.Build.0 = Debug|x64
		{AE165FBE-46D9-49E8-B776-DC72441C76BE}.Debug|x86.ActiveCfg = Debug|Win32
		{AE165FBE-46D9-49E8-B776-DC72441C76BE}.Debug|x86.Build.0 = Debug|Win32
		{AE165FBE-46D9-49E8-B776-DC72441C76BE}.Release|x64.ActiveCfg = Release|x64
		{AE165FBE-46D9-49E8-B776-DC72441C76BE}.Release|x64.Build.0 = Release|x64
		{AE165FBE-46D9-49E8-B776-DC72441C76BE}.Release|x86.ActiveCfg = Release|Win32
		{AE165FBE-46D9-49E8-B776-DC72441C76BE}.Release|x86.Build.0 = Release|Win32
	EndGlobalSection
	GlobalSection(SolutionProperties) = preSolution
		HideSolutionNode = FALSE
	EndGlobalSection
	GlobalSection(ExtensibilityGlobals) = postSolution
		SolutionGuid = {A4F46742-2703-473D-A675-8D21E4474D01}
	EndGlobalSection
EndGlobal
